
Microsoft Visual Studio Solution File, Format Version 12.00
# Visual Studio Version 16
VisualStudioVersion = 25.0.1706.7
MinimumVisualStudioVersion = 10.0.40219.1
Project("{FAE04EC0-301F-11D3-BF4B-00C04F79EFBC}") = "QuizBot", "QuizBot\QuizBot.csproj", "{A0342F0A-44B5-496F-8BCF-E117703521BB}"
EndProject
Global
	GlobalSection(SolutionConfigurationPlatforms) = preSolution
		Debug|Any CPU = Debug|Any CPU
		Release|Any CPU = Release|Any CPU
	EndGlobalSection
	GlobalSection(ProjectConfigurationPlatforms) = postSolution
		{A0342F0A-44B5-496F-8BCF-E117703521BB}.Debug|Any CPU.ActiveCfg = Debug|Any CPU
		{A0342F0A-44B5-496F-8BCF-E117703521BB}.Debug|Any CPU.Build.0 = Debug|Any CPU
		{A0342F0A-44B5-496F-8BCF-E117703521BB}.Release|Any CPU.ActiveCfg = Release|Any CPU
		{A0342F0A-44B5-496F-8BCF-E117703521BB}.Release|Any CPU.Build.0 = Release|Any CPU
	EndGlobalSection
	GlobalSection(SolutionProperties) = preSolution
		HideSolutionNode = FALSE
	EndGlobalSection
	GlobalSection(ExtensibilityGlobals) = postSolution
		SolutionGuid = {4BEC031D-88D6-41CC-AD4A-D7940D2E8B48}
	EndGlobalSection
EndGlobal
